PODS:
  - NMapsGeometry (1.0.1)
  - NMapsMap (3.16.1):
    - NMapsGeometry

DEPENDENCIES:
  - NMapsMap

SPEC REPOS:
  trunk:
    - NMapsGeometry
    - NMapsMap

SPEC CHECKSUMS:
  NMapsGeometry: 53c573ead66466681cf123f99f698dc8071a4b83
  NMapsMap: 926c3a303d381a24bec8da3cd6e198f50af93ae9

PODFILE CHECKSUM: 49578ee70f656c713368881f006b929b8e22ae55

COCOAPODS: 1.11.3
